
Microsoft Visual Studio Solution File, Format Version 12.00
# Visual Studio Version 17
VisualStudioVersion = 17.11.35222.181
MinimumVisualStudioVersion = 10.0.40219.1
Project("{FAE04EC0-301F-11D3-BF4B-00C04F79EFBC}") = "LAB_3.3", "LAB_3.3\LAB_3.3.csproj", "{42726C04-8E79-4469-BDEB-DE8CDA426B99}"
EndProject
Global
	GlobalSection(SolutionConfigurationPlatforms) = preSolution
		Debug|Any CPU = Debug|Any CPU
		Release|Any CPU = Release|Any CPU
	EndGlobalSection
	GlobalSection(ProjectConfigurationPlatforms) = postSolution
		{42726C04-8E79-4469-BDEB-DE8CDA426B99}.Debug|Any CPU.ActiveCfg = Debug|Any CPU
		{42726C04-8E79-4469-BDEB-DE8CDA426B99}.Debug|Any CPU.Build.0 = Debug|Any CPU
		{42726C04-8E79-4469-BDEB-DE8CDA426B99}.Release|Any CPU.ActiveCfg = Release|Any CPU
		{42726C04-8E79-4469-BDEB-DE8CDA426B99}.Release|Any CPU.Build.0 = Release|Any CPU
	EndGlobalSection
	GlobalSection(SolutionProperties) = preSolution
		HideSolutionNode = FALSE
	EndGlobalSection
	GlobalSection(ExtensibilityGlobals) = postSolution
		SolutionGuid = {16164D2A-7E58-4DF0-AF89-4A20C3EAFDFC}
	EndGlobalSection
EndGlobal
